
Microsoft Visual Studio Solution File, Format Version 12.00
# Visual Studio Version 17
VisualStudioVersion = 17.1.32421.90
MinimumVisualStudioVersion = 10.0.40219.1
Project("{8BC9CEB8-8B4A-11D0-8D11-00A0C91BC942}") = "P2PServer", "P2PServer\P2PServer.vcxproj", "{F5937425-92FC-44B7-8298-D628E50074F2}"
EndProject
Project("{8BC9CEB8-8B4A-11D0-8D11-00A0C91BC942}") = "P2PNativeClientA", "P2PNativeClientA\P2PNativeClientA.vcxproj", "{A2FDD05F-8F37-47E2-9C1D-45FF78EDDDD5}"
EndProject
Project("{FAE04EC0-301F-11D3-BF4B-00C04F79EFBC}") = "P2PManagedClientB", "P2PManagedClientB\P2PManagedClientB.csproj", "{FF21126A-2774-41BA-84BF-D3964C8AAB25}"
EndProject
Global
	GlobalSection(SolutionConfigurationPlatforms) = preSolution
		Debug|Any CPU = Debug|Any CPU
		Debug|x64 = Debug|x64
		Debug|x86 = Debug|x86
		Release|Any CPU = Release|Any CPU
		Release|x64 = Release|x64
		Release|x86 = Release|x86
	EndGlobalSection
	GlobalSection(ProjectConfigurationPlatforms) = postSolution
		{F5937425-92FC-44B7-8298-D628E50074F2}.Debug|Any CPU.ActiveCfg = Debug|x64
		{F5937425-92FC-44B7-8298-D628E50074F2}.Debug|Any CPU.Build.0 = Debug|x64
		{F5937425-92FC-44B7-8298-D628E50074F2}.Debug|x64.ActiveCfg = Debug|x64
		{F5937425-92FC-44B7-8298-D628E50074F2}.Debug|x64.Build.0 = Debug|x64
		{F5937425-92FC-44B7-8298-D628E50074F2}.Debug|x86.ActiveCfg = Debug|Win32
		{F5937425-92FC-44B7-8298-D628E50074F2}.Debug|x86.Build.0 = Debug|Win32
		{F5937425-92FC-44B7-8298-D628E50074F2}.Release|Any CPU.ActiveCfg = Release|x64
		{F5937425-92FC-44B7-8298-D628E50074F2}.Release|Any CPU.Build.0 = Release|x64
		{F5937425-92FC-44B7-8298-D628E50074F2}.Release|x64.ActiveCfg = Release|x64
		{F5937425-92FC-44B7-8298-D628E50074F2}.Release|x64.Build.0 = Release|x64
		{F5937425-92FC-44B7-8298-D628E50074F2}.Release|x86.ActiveCfg = Release|Win32
		{F5937425-92FC-44B7-8298-D628E50074F2}.Release|x86.Build.0 = Release|Win32
		{A2FDD05F-8F37-47E2-9C1D-45FF78EDDDD5}.Debug|Any CPU.ActiveCfg = Debug|x64
		{A2FDD05F-8F37-47E2-9C1D-45FF78EDDDD5}.Debug|Any CPU.Build.0 = Debug|x64
		{A2FDD05F-8F37-47E2-9C1D-45FF78EDDDD5}.Debug|x64.ActiveCfg = Debug|x64
		{A2FDD05F-8F37-47E2-9C1D-45FF78EDDDD5}.Debug|x64.Build.0 = Debug|x64
		{A2FDD05F-8F37-47E2-9C1D-45FF78EDDDD5}.Debug|x86.ActiveCfg = Debug|Win32
		{A2FDD05F-8F37-47E2-9C1D-45FF78EDDDD5}.Debug|x86.Build.0 = Debug|Win32
		{A2FDD05F-8F37-47E2-9C1D-45FF78EDDDD5}.Release|Any CPU.ActiveCfg = Release|x64
		{A2FDD05F-8F37-47E2-9C1D-45FF78EDDDD5}.Release|Any CPU.Build.0 = Release|x64
		{A2FDD05F-8F37-47E2-9C1D-45FF78EDDDD5}.Release|x64.ActiveCfg = Release|x64
		{A2FDD05F-8F37-47E2-9C1D-45FF78EDDDD5}.Release|x64.Build.0 = Release|x64
		{A2FDD05F-8F37-47E2-9C1D-45FF78EDDDD5}.Release|x86.ActiveCfg = Release|Win32
		{A2FDD05F-8F37-47E2-9C1D-45FF78EDDDD5}.Release|x86.Build.0 = Release|Win32
		{FF21126A-2774-41BA-84BF-D3964C8AAB25}.Debug|Any CPU.ActiveCfg = Debug|Any CPU
		{FF21126A-2774-41BA-84BF-D3964C8AAB25}.Debug|Any CPU.Build.0 = Debug|Any CPU
		{FF21126A-2774-41BA-84BF-D3964C8AAB25}.Debug|x64.ActiveCfg = Debug|Any CPU
		{FF21126A-2774-41BA-84BF-D3964C8AAB25}.Debug|x64.Build.0 = Debug|Any CPU
		{FF21126A-2774-41BA-84BF-D3964C8AAB25}.Debug|x86.ActiveCfg = Debug|Any CPU
		{FF21126A-2774-41BA-84BF-D3964C8AAB25}.Debug|x86.Build.0 = Debug|Any CPU
		{FF21126A-2774-41BA-84BF-D3964C8AAB25}.Release|Any CPU.ActiveCfg = Release|Any CPU
		{FF21126A-2774-41BA-84BF-D3964C8AAB25}.Release|Any CPU.Build.0 = Release|Any CPU
		{FF21126A-2774-41BA-84BF-D3964C8AAB25}.Release|x64.ActiveCfg = Release|Any CPU
		{FF21126A-2774-41BA-84BF-D3964C8AAB25}.Release|x64.Build.0 = Release|Any CPU
		{FF21126A-2774-41BA-84BF-D3964C8AAB25}.Release|x86.ActiveCfg = Release|Any CPU
		{FF21126A-2774-41BA-84BF-D3964C8AAB25}.Release|x86.Build.0 = Release|Any CPU
	EndGlobalSection
	GlobalSection(SolutionProperties) = preSolution
		HideSolutionNode = FALSE
	EndGlobalSection
	GlobalSection(ExtensibilityGlobals) = postSolution
		SolutionGuid = {9D74D2C7-D89F-46DB-987A-A392BE490DE5}
	EndGlobalSection
EndGlobal
